
Microsoft Visual Studio Solution File, Format Version 12.00
# Visual Studio Version 17
VisualStudioVersion = 17.0.31903.59
MinimumVisualStudioVersion = 10.0.40219.1
Project("{FAE04EC0-301F-11D3-BF4B-00C04F79EFBC}") = "Hotel.Api", "Hotel.Api\Hotel.Api.csproj", "{5435A7BB-0F83-4BBF-AA75-C0015B72D264}"
EndProject
Project("{FAE04EC0-301F-11D3-BF4B-00C04F79EFBC}") = "Hotel.Query", "Hotel.Query\Hotel.Query.csproj", "{6C75DA84-4E6E-47A0-B0BD-91015BC97FB9}"
EndProject
Project("{FAE04EC0-301F-11D3-BF4B-00C04F79EFBC}") = "Infrastructure", "Infrastructure\Infrastructure.csproj", "{94C52EAF-1A89-4F60-B09B-B2AF3A7247BA}"
EndProject
Project("{2150E333-8FDC-42A3-9474-1A3956D46DE8}") = "API", "API", "{7EF04279-647A-4704-A442-5192E5A67492}"
EndProject
Project("{2150E333-8FDC-42A3-9474-1A3956D46DE8}") = "Query", "Query", "{A506DD7C-6E13-4B11-9B8A-9EC323F8AFDE}"
EndProject
Project("{FAE04EC0-301F-11D3-BF4B-00C04F79EFBC}") = "Hotel.Api.Domain", "Hotel.Api.Domain\Hotel.Api.Domain.csproj", "{CBA25A74-AD35-46B2-B8A0-4883B6DB52DE}"
EndProject
Project("{FAE04EC0-301F-11D3-BF4B-00C04F79EFBC}") = "Hotel.Api.Application", "Hotel.Api.Application\Hotel.Api.Application.csproj", "{1B5853E1-E8D7-4AB1-9483-F171C603062A}"
EndProject
Project("{FAE04EC0-301F-11D3-BF4B-00C04F79EFBC}") = "Hotel.Api.Infrastructure", "Hotel.Api.Infrastructure\Hotel.Api.Infrastructure.csproj", "{B38FC1C9-D864-451A-B38C-9BE1A6BAFA6C}"
EndProject
Global
	GlobalSection(SolutionConfigurationPlatforms) = preSolution
		Debug|Any CPU = Debug|Any CPU
		Release|Any CPU = Release|Any CPU
	EndGlobalSection
	GlobalSection(SolutionProperties) = preSolution
		HideSolutionNode = FALSE
	EndGlobalSection
	GlobalSection(ProjectConfigurationPlatforms) = postSolution
		{5435A7BB-0F83-4BBF-AA75-C0015B72D264}.Debug|Any CPU.ActiveCfg = Debug|Any CPU
		{5435A7BB-0F83-4BBF-AA75-C0015B72D264}.Debug|Any CPU.Build.0 = Debug|Any CPU
		{5435A7BB-0F83-4BBF-AA75-C0015B72D264}.Release|Any CPU.ActiveCfg = Release|Any CPU
		{5435A7BB-0F83-4BBF-AA75-C0015B72D264}.Release|Any CPU.Build.0 = Release|Any CPU
		{6C75DA84-4E6E-47A0-B0BD-91015BC97FB9}.Debug|Any CPU.ActiveCfg = Debug|Any CPU
		{6C75DA84-4E6E-47A0-B0BD-91015BC97FB9}.Debug|Any CPU.Build.0 = Debug|Any CPU
		{6C75DA84-4E6E-47A0-B0BD-91015BC97FB9}.Release|Any CPU.ActiveCfg = Release|Any CPU
		{6C75DA84-4E6E-47A0-B0BD-91015BC97FB9}.Release|Any CPU.Build.0 = Release|Any CPU
		{94C52EAF-1A89-4F60-B09B-B2AF3A7247BA}.Debug|Any CPU.ActiveCfg = Debug|Any CPU
		{94C52EAF-1A89-4F60-B09B-B2AF3A7247BA}.Debug|Any CPU.Build.0 = Debug|Any CPU
		{94C52EAF-1A89-4F60-B09B-B2AF3A7247BA}.Release|Any CPU.ActiveCfg = Release|Any CPU
		{94C52EAF-1A89-4F60-B09B-B2AF3A7247BA}.Release|Any CPU.Build.0 = Release|Any CPU
		{CBA25A74-AD35-46B2-B8A0-4883B6DB52DE}.Debug|Any CPU.ActiveCfg = Debug|Any CPU
		{CBA25A74-AD35-46B2-B8A0-4883B6DB52DE}.Debug|Any CPU.Build.0 = Debug|Any CPU
		{CBA25A74-AD35-46B2-B8A0-4883B6DB52DE}.Release|Any CPU.ActiveCfg = Release|Any CPU
		{CBA25A74-AD35-46B2-B8A0-4883B6DB52DE}.Release|Any CPU.Build.0 = Release|Any CPU
		{1B5853E1-E8D7-4AB1-9483-F171C603062A}.Debug|Any CPU.ActiveCfg = Debug|Any CPU
		{1B5853E1-E8D7-4AB1-9483-F171C603062A}.Debug|Any CPU.Build.0 = Debug|Any CPU
		{1B5853E1-E8D7-4AB1-9483-F171C603062A}.Release|Any CPU.ActiveCfg = Release|Any CPU
		{1B5853E1-E8D7-4AB1-9483-F171C603062A}.Release|Any CPU.Build.0 = Release|Any CPU
		{B38FC1C9-D864-451A-B38C-9BE1A6BAFA6C}.Debug|Any CPU.ActiveCfg = Debug|Any CPU
		{B38FC1C9-D864-451A-B38C-9BE1A6BAFA6C}.Debug|Any CPU.Build.0 = Debug|Any CPU
		{B38FC1C9-D864-451A-B38C-9BE1A6BAFA6C}.Release|Any CPU.ActiveCfg = Release|Any CPU
		{B38FC1C9-D864-451A-B38C-9BE1A6BAFA6C}.Release|Any CPU.Build.0 = Release|Any CPU
	EndGlobalSection
	GlobalSection(NestedProjects) = preSolution
		{B38FC1C9-D864-451A-B38C-9BE1A6BAFA6C} = {7EF04279-647A-4704-A442-5192E5A67492}
		{1B5853E1-E8D7-4AB1-9483-F171C603062A} = {7EF04279-647A-4704-A442-5192E5A67492}
		{CBA25A74-AD35-46B2-B8A0-4883B6DB52DE} = {7EF04279-647A-4704-A442-5192E5A67492}
		{6C75DA84-4E6E-47A0-B0BD-91015BC97FB9} = {A506DD7C-6E13-4B11-9B8A-9EC323F8AFDE}
		{5435A7BB-0F83-4BBF-AA75-C0015B72D264} = {7EF04279-647A-4704-A442-5192E5A67492}
	EndGlobalSection
EndGlobal
